
Microsoft Visual Studio Solution File, Format Version 12.00
# Visual Studio Version 16
VisualStudioVersion = 16.0.34031.81
MinimumVisualStudioVersion = 10.0.40219.1
Project("{FAE04EC0-301F-11D3-BF4B-00C04F79EFBC}") = "Roodside Assistance", "Roodside Assistance\Roodside Assistance.csproj", "{041863EB-FC4C-45F1-94AD-FE8723D0CFD6}"
EndProject
Global
	GlobalSection(SolutionConfigurationPlatforms) = preSolution
		Debug|Any CPU = Debug|Any CPU
		Release|Any CPU = Release|Any CPU
	EndGlobalSection
	GlobalSection(ProjectConfigurationPlatforms) = postSolution
		{041863EB-FC4C-45F1-94AD-FE8723D0CFD6}.Debug|Any CPU.ActiveCfg = Debug|Any CPU
		{041863EB-FC4C-45F1-94AD-FE8723D0CFD6}.Debug|Any CPU.Build.0 = Debug|Any CPU
		{041863EB-FC4C-45F1-94AD-FE8723D0CFD6}.Release|Any CPU.ActiveCfg = Release|Any CPU
		{041863EB-FC4C-45F1-94AD-FE8723D0CFD6}.Release|Any CPU.Build.0 = Release|Any CPU
	EndGlobalSection
	GlobalSection(SolutionProperties) = preSolution
		HideSolutionNode = FALSE
	EndGlobalSection
	GlobalSection(ExtensibilityGlobals) = postSolution
		SolutionGuid = {9A546D70-2149-4F87-A044-1E9E89F69953}
	EndGlobalSection
EndGlobal
